
Microsoft Visual Studio Solution File, Format Version 12.00
# Visual Studio Version 17
VisualStudioVersion = 17.0.32014.148
MinimumVisualStudioVersion = 10.0.40219.1
Project("{FAE04EC0-301F-11D3-BF4B-00C04F79EFBC}") = "DataAccess", "DataAccess\DataAccess.csproj", "{E131DD71-CA60-40CD-999E-F13649BDAB84}"
EndProject
Project("{FAE04EC0-301F-11D3-BF4B-00C04F79EFBC}") = "BusinessObjects", "BusinessObjects\BusinessObjects.csproj", "{EE09D5E4-6CEF-4BAA-AF55-1E6D51723151}"
EndProject
Project("{FAE04EC0-301F-11D3-BF4B-00C04F79EFBC}") = "eStoreAPI", "eStoreAPI\eStoreAPI.csproj", "{B99AC997-807F-4EC9-92CD-18169D708523}"
EndProject
Project("{FAE04EC0-301F-11D3-BF4B-00C04F79EFBC}") = "eStoreClient", "eStoreClient\eStoreClient.csproj", "{EBCF9CCC-7046-42E7-B76B-AB0A865F0C54}"
EndProject
Global
	GlobalSection(SolutionConfigurationPlatforms) = preSolution
		Debug|Any CPU = Debug|Any CPU
		Release|Any CPU = Release|Any CPU
	EndGlobalSection
	GlobalSection(ProjectConfigurationPlatforms) = postSolution
		{E131DD71-CA60-40CD-999E-F13649BDAB84}.Debug|Any CPU.ActiveCfg = Debug|Any CPU
		{E131DD71-CA60-40CD-999E-F13649BDAB84}.Debug|Any CPU.Build.0 = Debug|Any CPU
		{E131DD71-CA60-40CD-999E-F13649BDAB84}.Release|Any CPU.ActiveCfg = Release|Any CPU
		{E131DD71-CA60-40CD-999E-F13649BDAB84}.Release|Any CPU.Build.0 = Release|Any CPU
		{EE09D5E4-6CEF-4BAA-AF55-1E6D51723151}.Debug|Any CPU.ActiveCfg = Debug|Any CPU
		{EE09D5E4-6CEF-4BAA-AF55-1E6D51723151}.Debug|Any CPU.Build.0 = Debug|Any CPU
		{EE09D5E4-6CEF-4BAA-AF55-1E6D51723151}.Release|Any CPU.ActiveCfg = Release|Any CPU
		{EE09D5E4-6CEF-4BAA-AF55-1E6D51723151}.Release|Any CPU.Build.0 = Release|Any CPU
		{B99AC997-807F-4EC9-92CD-18169D708523}.Debug|Any CPU.ActiveCfg = Debug|Any CPU
		{B99AC997-807F-4EC9-92CD-18169D708523}.Debug|Any CPU.Build.0 = Debug|Any CPU
		{B99AC997-807F-4EC9-92CD-18169D708523}.Release|Any CPU.ActiveCfg = Release|Any CPU
		{B99AC997-807F-4EC9-92CD-18169D708523}.Release|Any CPU.Build.0 = Release|Any CPU
		{EBCF9CCC-7046-42E7-B76B-AB0A865F0C54}.Debug|Any CPU.ActiveCfg = Debug|Any CPU
		{EBCF9CCC-7046-42E7-B76B-AB0A865F0C54}.Debug|Any CPU.Build.0 = Debug|Any CPU
		{EBCF9CCC-7046-42E7-B76B-AB0A865F0C54}.Release|Any CPU.ActiveCfg = Release|Any CPU
		{EBCF9CCC-7046-42E7-B76B-AB0A865F0C54}.Release|Any CPU.Build.0 = Release|Any CPU
	EndGlobalSection
	GlobalSection(SolutionProperties) = preSolution
		HideSolutionNode = FALSE
	EndGlobalSection
	GlobalSection(ExtensibilityGlobals) = postSolution
		SolutionGuid = {49919AF7-DD68-4445-BAD8-EBA2FFCC1F7A}
	EndGlobalSection
EndGlobal
